
Microsoft Visual Studio Solution File, Format Version 12.00
# Visual Studio 15
VisualStudioVersion = 15.0.27130.2027
MinimumVisualStudioVersion = 10.0.40219.1
Project("{FAE04EC0-301F-11D3-BF4B-00C04F79EFBC}") = "WebApplication1", "WebApplication1\WebApplication1.csproj", "{EA39E7CD-4934-42C1-9824-75273050BE2F}"
EndProject
Global
	GlobalSection(SolutionConfigurationPlatforms) = preSolution
		Debug|Any CPU = Debug|Any CPU
		Release|Any CPU = Release|Any CPU
	EndGlobalSection
	GlobalSection(ProjectConfigurationPlatforms) = postSolution
		{EA39E7CD-4934-42C1-9824-75273050BE2F}.Debug|Any CPU.ActiveCfg = Debug|Any CPU
		{EA39E7CD-4934-42C1-9824-75273050BE2F}.Debug|Any CPU.Build.0 = Debug|Any CPU
		{EA39E7CD-4934-42C1-9824-75273050BE2F}.Release|Any CPU.ActiveCfg = Release|Any CPU
		{EA39E7CD-4934-42C1-9824-75273050BE2F}.Release|Any CPU.Build.0 = Release|Any CPU
	EndGlobalSection
	GlobalSection(SolutionProperties) = preSolution
		HideSolutionNode = FALSE
	EndGlobalSection
	GlobalSection(ExtensibilityGlobals) = postSolution
		SolutionGuid = {A75C72E7-9BBF-411D-B4AD-57D34D6FF635}
	EndGlobalSection
EndGlobal
